{
  "object": {
    "pins": [
      {
        "package": "SupportDocs",
        "repositoryURL": "https://github.com/aheze/SupportDocs.git",
        "state": {
          "branch": null,
          "revision": "e78d3cd401064c6f622e493dcbbeba2979a9be90",
          "version": "0.0.23"
        }
      }
    ]
  },
  "version": 1
}
