{
  "object": {
    "pins": [
      {
        "package": "SupportDocs",
        "repositoryURL": "https://github.com/aheze/SupportDocs.git",
        "state": {
          "branch": null,
          "revision": "00a8c30511578487a45f50a30769745f3d1b9aed",
          "version": "0.0.22"
        }
      }
    ]
  },
  "version": 1
}
