{
  "object": {
    "pins": [
      {
        "package": "SupportDocs",
        "repositoryURL": "https://github.com/aheze/SupportDocs.git",
        "state": {
          "branch": null,
          "revision": "95f3549efa32647f29e0cd621d86434ef687171a",
          "version": "1.0.0"
        }
      }
    ]
  },
  "version": 1
}
